
Microsoft Visual Studio Solution File, Format Version 12.00
# Visual Studio Version 17
VisualStudioVersion = 17.11.35303.130
MinimumVisualStudioVersion = 10.0.40219.1
Project("{FAE04EC0-301F-11D3-BF4B-00C04F79EFBC}") = "Bai1buoi3", "Bai1buoi3\Bai1buoi3.csproj", "{6B3DC25C-5CA8-4FB3-9803-DE090937421B}"
EndProject
Project("{FAE04EC0-301F-11D3-BF4B-00C04F79EFBC}") = "Bai2buoi3", "Bai2buoi3\Bai2buoi3.csproj", "{A28BEA4F-0F35-4D55-9D10-D8488CB41D1F}"
EndProject
Project("{FAE04EC0-301F-11D3-BF4B-00C04F79EFBC}") = "BTVN", "BTVN\BTVN.csproj", "{ED35FFD3-8391-4292-8B9A-007E3FFE288C}"
EndProject
Global
	GlobalSection(SolutionConfigurationPlatforms) = preSolution
		Debug|Any CPU = Debug|Any CPU
		Release|Any CPU = Release|Any CPU
	EndGlobalSection
	GlobalSection(ProjectConfigurationPlatforms) = postSolution
		{6B3DC25C-5CA8-4FB3-9803-DE090937421B}.Debug|Any CPU.ActiveCfg = Debug|Any CPU
		{6B3DC25C-5CA8-4FB3-9803-DE090937421B}.Debug|Any CPU.Build.0 = Debug|Any CPU
		{6B3DC25C-5CA8-4FB3-9803-DE090937421B}.Release|Any CPU.ActiveCfg = Release|Any CPU
		{6B3DC25C-5CA8-4FB3-9803-DE090937421B}.Release|Any CPU.Build.0 = Release|Any CPU
		{A28BEA4F-0F35-4D55-9D10-D8488CB41D1F}.Debug|Any CPU.ActiveCfg = Debug|Any CPU
		{A28BEA4F-0F35-4D55-9D10-D8488CB41D1F}.Debug|Any CPU.Build.0 = Debug|Any CPU
		{A28BEA4F-0F35-4D55-9D10-D8488CB41D1F}.Release|Any CPU.ActiveCfg = Release|Any CPU
		{A28BEA4F-0F35-4D55-9D10-D8488CB41D1F}.Release|Any CPU.Build.0 = Release|Any CPU
		{ED35FFD3-8391-4292-8B9A-007E3FFE288C}.Debug|Any CPU.ActiveCfg = Debug|Any CPU
		{ED35FFD3-8391-4292-8B9A-007E3FFE288C}.Debug|Any CPU.Build.0 = Debug|Any CPU
		{ED35FFD3-8391-4292-8B9A-007E3FFE288C}.Release|Any CPU.ActiveCfg = Release|Any CPU
		{ED35FFD3-8391-4292-8B9A-007E3FFE288C}.Release|Any CPU.Build.0 = Release|Any CPU
	EndGlobalSection
	GlobalSection(SolutionProperties) = preSolution
		HideSolutionNode = FALSE
	EndGlobalSection
	GlobalSection(ExtensibilityGlobals) = postSolution
		SolutionGuid = {0442428C-18E3-41BB-9EDD-24B8616E13D1}
	EndGlobalSection
EndGlobal
